
Microsoft Visual Studio Solution File, Format Version 12.00
# Visual Studio Version 17
VisualStudioVersion = 17.2.32630.192
MinimumVisualStudioVersion = 10.0.40219.1
Project("{FAE04EC0-301F-11D3-BF4B-00C04F79EFBC}") = "lab3.4", "lab3.4\lab3.4.csproj", "{311FB859-9F36-4E45-BBF8-8E777CEF7A1D}"
EndProject
Global
	GlobalSection(SolutionConfigurationPlatforms) = preSolution
		Debug|Any CPU = Debug|Any CPU
		Release|Any CPU = Release|Any CPU
	EndGlobalSection
	GlobalSection(ProjectConfigurationPlatforms) = postSolution
		{311FB859-9F36-4E45-BBF8-8E777CEF7A1D}.Debug|Any CPU.ActiveCfg = Debug|Any CPU
		{311FB859-9F36-4E45-BBF8-8E777CEF7A1D}.Debug|Any CPU.Build.0 = Debug|Any CPU
		{311FB859-9F36-4E45-BBF8-8E777CEF7A1D}.Release|Any CPU.ActiveCfg = Release|Any CPU
		{311FB859-9F36-4E45-BBF8-8E777CEF7A1D}.Release|Any CPU.Build.0 = Release|Any CPU
	EndGlobalSection
	GlobalSection(SolutionProperties) = preSolution
		HideSolutionNode = FALSE
	EndGlobalSection
	GlobalSection(ExtensibilityGlobals) = postSolution
		SolutionGuid = {60E232E0-0B71-428C-BA36-2BDB105F17FF}
	EndGlobalSection
EndGlobal
