
Microsoft Visual Studio Solution File, Format Version 12.00
# Visual Studio Version 17
VisualStudioVersion = 17.2.32630.192
MinimumVisualStudioVersion = 10.0.40219.1
Project("{FAE04EC0-301F-11D3-BF4B-00C04F79EFBC}") = "lab3.3", "lab3.3\lab3.3.csproj", "{BD207D99-61A4-4855-A263-231A13A3CBE0}"
EndProject
Global
	GlobalSection(SolutionConfigurationPlatforms) = preSolution
		Debug|Any CPU = Debug|Any CPU
		Release|Any CPU = Release|Any CPU
	EndGlobalSection
	GlobalSection(ProjectConfigurationPlatforms) = postSolution
		{BD207D99-61A4-4855-A263-231A13A3CBE0}.Debug|Any CPU.ActiveCfg = Debug|Any CPU
		{BD207D99-61A4-4855-A263-231A13A3CBE0}.Debug|Any CPU.Build.0 = Debug|Any CPU
		{BD207D99-61A4-4855-A263-231A13A3CBE0}.Release|Any CPU.ActiveCfg = Release|Any CPU
		{BD207D99-61A4-4855-A263-231A13A3CBE0}.Release|Any CPU.Build.0 = Release|Any CPU
	EndGlobalSection
	GlobalSection(SolutionProperties) = preSolution
		HideSolutionNode = FALSE
	EndGlobalSection
	GlobalSection(ExtensibilityGlobals) = postSolution
		SolutionGuid = {B54407E5-62E6-492A-9825-002FBE371DB2}
	EndGlobalSection
EndGlobal
