
Microsoft Visual Studio Solution File, Format Version 12.00
# Visual Studio Version 17
VisualStudioVersion = 17.2.32630.192
MinimumVisualStudioVersion = 10.0.40219.1
Project("{FAE04EC0-301F-11D3-BF4B-00C04F79EFBC}") = "lab2.4", "lab2.4\lab2.4.csproj", "{6B965DE0-997B-421C-9536-9BEB7218CBDE}"
EndProject
Global
	GlobalSection(SolutionConfigurationPlatforms) = preSolution
		Debug|Any CPU = Debug|Any CPU
		Release|Any CPU = Release|Any CPU
	EndGlobalSection
	GlobalSection(ProjectConfigurationPlatforms) = postSolution
		{6B965DE0-997B-421C-9536-9BEB7218CBDE}.Debug|Any CPU.ActiveCfg = Debug|Any CPU
		{6B965DE0-997B-421C-9536-9BEB7218CBDE}.Debug|Any CPU.Build.0 = Debug|Any CPU
		{6B965DE0-997B-421C-9536-9BEB7218CBDE}.Release|Any CPU.ActiveCfg = Release|Any CPU
		{6B965DE0-997B-421C-9536-9BEB7218CBDE}.Release|Any CPU.Build.0 = Release|Any CPU
	EndGlobalSection
	GlobalSection(SolutionProperties) = preSolution
		HideSolutionNode = FALSE
	EndGlobalSection
	GlobalSection(ExtensibilityGlobals) = postSolution
		SolutionGuid = {A859B62C-5397-4CAC-9A9C-26388B584AB0}
	EndGlobalSection
EndGlobal
